
Microsoft Visual Studio Solution File, Format Version 12.00
# Visual Studio 15
VisualStudioVersion = 15.0.28010.2019
MinimumVisualStudioVersion = 10.0.40219.1
Project("{FAE04EC0-301F-11D3-BF4B-00C04F79EFBC}") = "Logowanie", "Logowanie\Logowanie.csproj", "{77E765C3-D634-492C-A3F2-54F4FD40B251}"
EndProject
Global
	GlobalSection(SolutionConfigurationPlatforms) = preSolution
		Debug|Any CPU = Debug|Any CPU
		Release|Any CPU = Release|Any CPU
	EndGlobalSection
	GlobalSection(ProjectConfigurationPlatforms) = postSolution
		{77E765C3-D634-492C-A3F2-54F4FD40B251}.Debug|Any CPU.ActiveCfg = Debug|Any CPU
		{77E765C3-D634-492C-A3F2-54F4FD40B251}.Debug|Any CPU.Build.0 = Debug|Any CPU
		{77E765C3-D634-492C-A3F2-54F4FD40B251}.Release|Any CPU.ActiveCfg = Release|Any CPU
		{77E765C3-D634-492C-A3F2-54F4FD40B251}.Release|Any CPU.Build.0 = Release|Any CPU
	EndGlobalSection
	GlobalSection(SolutionProperties) = preSolution
		HideSolutionNode = FALSE
	EndGlobalSection
	GlobalSection(ExtensibilityGlobals) = postSolution
		SolutionGuid = {3096BF48-61ED-4621-973E-C3E59A67C3F3}
	EndGlobalSection
EndGlobal
